
Microsoft Visual Studio Solution File, Format Version 12.00
# Visual Studio Version 17
VisualStudioVersion = 17.0.31903.59
MinimumVisualStudioVersion = 10.0.40219.1
Project("{FAE04EC0-301F-11D3-BF4B-00C04F79EFBC}") = "ProjetoCRUD", "ProjetoCRUD\ProjetoCRUD.csproj", "{C3615B02-1381-48B8-AF8D-7FCE1C9BF22D}"
EndProject
Global
	GlobalSection(SolutionConfigurationPlatforms) = preSolution
		Debug|Any CPU = Debug|Any CPU
		Release|Any CPU = Release|Any CPU
	EndGlobalSection
	GlobalSection(ProjectConfigurationPlatforms) = postSolution
		{C3615B02-1381-48B8-AF8D-7FCE1C9BF22D}.Debug|Any CPU.ActiveCfg = Debug|Any CPU
		{C3615B02-1381-48B8-AF8D-7FCE1C9BF22D}.Debug|Any CPU.Build.0 = Debug|Any CPU
		{C3615B02-1381-48B8-AF8D-7FCE1C9BF22D}.Release|Any CPU.ActiveCfg = Release|Any CPU
		{C3615B02-1381-48B8-AF8D-7FCE1C9BF22D}.Release|Any CPU.Build.0 = Release|Any CPU
	EndGlobalSection
	GlobalSection(SolutionProperties) = preSolution
		HideSolutionNode = FALSE
	EndGlobalSection
	GlobalSection(ExtensibilityGlobals) = postSolution
		SolutionGuid = {794CF860-0106-4728-85F4-51CBF0CEF1E1}
	EndGlobalSection
EndGlobal
